// !$*UTF8*$!
{
	archiveVersion = 1;
	classes = {
	};
	objectVersion = 56;
	objects = {

/* Begin PBXBuildFile section */
		36C91CC12F7F592800697E42 /* StackPokerApp.swift in Sources */ = {isa = PBXBuildFile; fileRef = 36C91CC02F7F592800697E42 /* StackPokerApp.swift */; };
		36C91CC32F7F592800697E42 /* ContentView.swift in Sources */ = {isa = PBXBuildFile; fileRef = 36C91CC22F7F592800697E42 /* ContentView.swift */; };
		36C91CC52F7F592A00697E42 /* Assets.xcassets in Resources */ = {isa = PBXBuildFile; fileRef = 36C91CC42F7F592A00697E42 /* Assets.xcassets */; };
		36C91CC82F7F592A00697E42 /* Preview Assets.xcassets in Resources */ = {isa = PBXBuildFile; fileRef = 36C91CC72F7F592A00697E42 /* Preview Assets.xcassets */; };
		36C91CD22F7F592A00697E42 /* StackPokerTests.swift in Sources */ = {isa = PBXBuildFile; fileRef = 36C91CD12F7F592A00697E42 /* StackPokerTests.swift */; };
		36C91CDC2F7F592A00697E42 /* StackPokerUITests.swift in Sources */ = {isa = PBXBuildFile; fileRef = 36C91CDB2F7F592A00697E42 /* StackPokerUITests.swift */; };
		36C91CDE2F7F592A00697E42 /* StackPokerUITestsLaunchTests.swift in Sources */ = {isa = PBXBuildFile; fileRef = 36C91CDD2F7F592A00697E42 /* StackPokerUITestsLaunchTests.swift */; };
/* End PBXBuildFile section */

/* Begin PBXContainerItemProxy section */
		36C91CCE2F7F592A00697E42 /* PBXContainerItemProxy */ = {
			isa = PBXContainerItemProxy;
			containerPortal = 36C91CB52F7F592800697E42 /* Project object */;
			proxyType = 1;
			remoteGlobalIDString = 36C91CBC2F7F592800697E42;
			remoteInfo = StackPoker;
		};
		36C91CD82F7F592A00697E42 /* PBXContainerItemProxy */ = {
			isa = PBXContainerItemProxy;
			containerPortal = 36C91CB52F7F592800697E42 /* Project object */;
			proxyType = 1;
			remoteGlobalIDString = 36C91CBC2F7F592800697E42;
			remoteInfo = StackPoker;
		};
/* End PBXContainerItemProxy section */

/* Begin PBXFileReference section */
		36C91CBD2F7F592800697E42 /* StackPoker.app */ = {isa = PBXFileReference; explicitFileType = wrapper.application; includeInIndex = 0; path = StackPoker.app; sourceTree = BUILT_PRODUCTS_DIR; };
		36C91CC02F7F592800697E42 /* StackPokerApp.swift */ = {isa = PBXFileReference; lastKnownFileType = sourcecode.swift; path = StackPokerApp.swift; sourceTree = "<group>"; };
		36C91CC22F7F592800697E42 /* ContentView.swift */ = {isa = PBXFileReference; lastKnownFileType = sourcecode.swift; path = ContentView.swift; sourceTree = "<group>"; };
		36C91CC42F7F592A00697E42 /* Assets.xcassets */ = {isa = PBXFileReference; lastKnownFileType = folder.assetcatalog; path = Assets.xcassets; sourceTree = "<group>"; };
		36C91CC72F7F592A00697E42 /* Preview Assets.xcassets */ = {isa = PBXFileReference; lastKnownFileType = folder.assetcatalog; path = "Preview Assets.xcassets"; sourceTree = "<group>"; };
		36C91CCD2F7F592A00697E42 /* StackPokerTests.xctest */ = {isa = PBXFileReference; explicitFileType = wrapper.cfbundle; includeInIndex = 0; path = StackPokerTests.xctest; sourceTree = BUILT_PRODUCTS_DIR; };
		36C91CD12F7F592A00697E42 /* StackPokerTests.swift */ = {isa = PBXFileReference; lastKnownFileType = sourcecode.swift; path = StackPokerTests.swift; sourceTree = "<group>"; };
		36C91CD72F7F592A00697E42 /* StackPokerUITests.xctest */ = {isa = PBXFileReference; explicitFileType = wrapper.cfbundle; includeInIndex = 0; path = StackPokerUITests.xctest; sourceTree = BUILT_PRODUCTS_DIR; };
		36C91CDB2F7F592A00697E42 /* StackPokerUITests.swift */ = {isa = PBXFileReference; lastKnownFileType = sourcecode.swift; path = StackPokerUITests.swift; sourceTree = "<group>"; };
		36C91CDD2F7F592A00697E42 /* StackPokerUITestsLaunchTests.swift */ = {isa = PBXFileReference; lastKnownFileType = sourcecode.swift; path = StackPokerUITestsLaunchTests.swift; sourceTree = "<group>"; };
/* End PBXFileReference section */

/* Begin PBXFrameworksBuildPhase section */
		36C91CBA2F7F592800697E42 /* Frameworks */ = {
			isa = PBXFrameworksBuildPhase;
			buildActionMask = 2147483647;
			files = (
			);
			runOnlyForDeploymentPostprocessing = 0;
		};
		36C91CCA2F7F592A00697E42 /* Frameworks */ = {
			isa = PBXFrameworksBuildPhase;
			buildActionMask = 2147483647;
			files = (
			);
			runOnlyForDeploymentPostprocessing = 0;
		};
		36C91CD42F7F592A00697E42 /* Frameworks */ = {
			isa = PBXFrameworksBuildPhase;
			buildActionMask = 2147483647;
			files = (
			);
			runOnlyForDeploymentPostprocessing = 0;
		};
/* End PBXFrameworksBuildPhase section */

/* Begin PBXGroup section */
		36C91CB42F7F592800697E42 = {
			isa = PBXGroup;
			children = (
				36C91CBF2F7F592800697E42 /* StackPoker */,
				36C91CD02F7F592A00697E42 /* StackPokerTests */,
				36C91CDA2F7F592A00697E42 /* StackPokerUITests */,
				36C91CBE2F7F592800697E42 /* Products */,
			);
			sourceTree = "<group>";
		};
		36C91CBE2F7F592800697E42 /* Products */ = {
			isa = PBXGroup;
			children = (
				36C91CBD2F7F592800697E42 /* StackPoker.app */,
				36C91CCD2F7F592A00697E42 /* StackPokerTests.xctest */,
				36C91CD72F7F592A00697E42 /* StackPokerUITests.xctest */,
			);
			name = Products;
			sourceTree = "<group>";
		};
		36C91CBF2F7F592800697E42 /* StackPoker */ = {
			isa = PBXGroup;
			children = (
				36C91CC02F7F592800697E42 /* StackPokerApp.swift */,
				36C91CC22F7F592800697E42 /* ContentView.swift */,
				36C91CC42F7F592A00697E42 /* Assets.xcassets */,
				36C91CC62F7F592A00697E42 /* Preview Content */,
			);
			path = StackPoker;
			sourceTree = "<group>";
		};
		36C91CC62F7F592A00697E42 /* Preview Content */ = {
			isa = PBXGroup;
			children = (
				36C91CC72F7F592A00697E42 /* Preview Assets.xcassets */,
			);
			path = "Preview Content";
			sourceTree = "<group>";
		};
		36C91CD02F7F592A00697E42 /* StackPokerTests */ = {
			isa = PBXGroup;
			children = (
				36C91CD12F7F592A00697E42 /* StackPokerTests.swift */,
			);
			path = StackPokerTests;
			sourceTree = "<group>";
		};
		36C91CDA2F7F592A00697E42 /* StackPokerUITests */ = {
			isa = PBXGroup;
			children = (
				36C91CDB2F7F592A00697E42 /* StackPokerUITests.swift */,
				36C91CDD2F7F592A00697E42 /* StackPokerUITestsLaunchTests.swift */,
			);
			path = StackPokerUITests;
			sourceTree = "<group>";
		};
/* End PBXGroup section */

/* Begin PBXNativeTarget section */
		36C91CBC2F7F592800697E42 /* StackPoker */ = {
			isa = PBXNativeTarget;
			buildConfigurationList = 36C91CE12F7F592A00697E42 /* Build configuration list for PBXNativeTarget "StackPoker" */;
			buildPhases = (
				36C91CB92F7F592800697E42 /* Sources */,
				36C91CBA2F7F592800697E42 /* Frameworks */,
				36C91CBB2F7F592800697E42 /* Resources */,
			);
			buildRules = (
			);
			dependencies = (
			);
			name = StackPoker;
			productName = StackPoker;
			productReference = 36C91CBD2F7F592800697E42 /* StackPoker.app */;
			productType = "com.apple.product-type.application";
		};
		36C91CCC2F7F592A00697E42 /* StackPokerTests */ = {
			isa = PBXNativeTarget;
			buildConfigurationList = 36C91CE42F7F592A00697E42 /* Build configuration list for PBXNativeTarget "StackPokerTests" */;
			buildPhases = (
				36C91CC92F7F592A00697E42 /* Sources */,
				36C91CCA2F7F592A00697E42 /* Frameworks */,
				36C91CCB2F7F592A00697E42 /* Resources */,
			);
			buildRules = (
			);
			dependencies = (
				36C91CCF2F7F592A00697E42 /* PBXTargetDependency */,
			);
			name = StackPokerTests;
			productName = StackPokerTests;
			productReference = 36C91CCD2F7F592A00697E42 /* StackPokerTests.xctest */;
			productType = "com.apple.product-type.bundle.unit-test";
		};
		36C91CD62F7F592A00697E42 /* StackPokerUITests */ = {
			isa = PBXNativeTarget;
			buildConfigurationList = 36C91CE72F7F592A00697E42 /* Build configuration list for PBXNativeTarget "StackPokerUITests" */;
			buildPhases = (
				36C91CD32F7F592A00697E42 /* Sources */,
				36C91CD42F7F592A00697E42 /* Frameworks */,
				36C91CD52F7F592A00697E42 /* Resources */,
			);
			buildRules = (
			);
			dependencies = (
				36C91CD92F7F592A00697E42 /* PBXTargetDependency */,
			);
			name = StackPokerUITests;
			productName = StackPokerUITests;
			productReference = 36C91CD72F7F592A00697E42 /* StackPokerUITests.xctest */;
			productType = "com.apple.product-type.bundle.ui-testing";
		};
/* End PBXNativeTarget section */

/* Begin PBXProject section */
		36C91CB52F7F592800697E42 /* Project object */ = {
			isa = PBXProject;
			attributes = {
				BuildIndependentTargetsInParallel = 1;
				LastSwiftUpdateCheck = 1540;
				LastUpgradeCheck = 1540;
				TargetAttributes = {
					36C91CBC2F7F592800697E42 = {
						CreatedOnToolsVersion = 15.4;
					};
					36C91CCC2F7F592A00697E42 = {
						CreatedOnToolsVersion = 15.4;
						TestTargetID = 36C91CBC2F7F592800697E42;
					};
					36C91CD62F7F592A00697E42 = {
						CreatedOnToolsVersion = 15.4;
						TestTargetID = 36C91CBC2F7F592800697E42;
					};
				};
			};
			buildConfigurationList = 36C91CB82F7F592800697E42 /* Build configuration list for PBXProject "StackPoker" */;
			compatibilityVersion = "Xcode 14.0";
			developmentRegion = en;
			hasScannedForEncodings = 0;
			knownRegions = (
				en,
				Base,
			);
			mainGroup = 36C91CB42F7F592800697E42;
			productRefGroup = 36C91CBE2F7F592800697E42 /* Products */;
			projectDirPath = "";
			projectRoot = "";
			targets = (
				36C91CBC2F7F592800697E42 /* StackPoker */,
				36C91CCC2F7F592A00697E42 /* StackPokerTests */,
				36C91CD62F7F592A00697E42 /* StackPokerUITests */,
			);
		};
/* End PBXProject section */

/* Begin PBXResourcesBuildPhase section */
		36C91CBB2F7F592800697E42 /* Resources */ = {
			isa = PBXResourcesBuildPhase;
			buildActionMask = 2147483647;
			files = (
				36C91CC82F7F592A00697E42 /* Preview Assets.xcassets in Resources */,
				36C91CC52F7F592A00697E42 /* Assets.xcassets in Resources */,
			);
			runOnlyForDeploymentPostprocessing = 0;
		};
		36C91CCB2F7F592A00697E42 /* Resources */ = {
			isa = PBXResourcesBuildPhase;
			buildActionMask = 2147483647;
			files = (
			);
			runOnlyForDeploymentPostprocessing = 0;
		};
		36C91CD52F7F592A00697E42 /* Resources */ = {
			isa = PBXResourcesBuildPhase;
			buildActionMask = 2147483647;
			files = (
			);
			runOnlyForDeploymentPostprocessing = 0;
		};
/* End PBXResourcesBuildPhase section */

/* Begin PBXSourcesBuildPhase section */
		36C91CB92F7F592800697E42 /* Sources */ = {
			isa = PBXSourcesBuildPhase;
			buildActionMask = 2147483647;
			files = (
				36C91CC32F7F592800697E42 /* ContentView.swift in Sources */,
				36C91CC12F7F592800697E42 /* StackPokerApp.swift in Sources */,
			);
			runOnlyForDeploymentPostprocessing = 0;
		};
		36C91CC92F7F592A00697E42 /* Sources */ = {
			isa = PBXSourcesBuildPhase;
			buildActionMask = 2147483647;
			files = (
				36C91CD22F7F592A00697E42 /* StackPokerTests.swift in Sources */,
			);
			runOnlyForDeploymentPostprocessing = 0;
		};
		36C91CD32F7F592A00697E42 /* Sources */ = {
			isa = PBXSourcesBuildPhase;
			buildActionMask = 2147483647;
			files = (
				36C91CDC2F7F592A00697E42 /* StackPokerUITests.swift in Sources */,
				36C91CDE2F7F592A00697E42 /* StackPokerUITestsLaunchTests.swift in Sources */,
			);
			runOnlyForDeploymentPostprocessing = 0;
		};
/* End PBXSourcesBuildPhase section */

/* Begin PBXTargetDependency section */
		36C91CCF2F7F592A00697E42 /* PBXTargetDependency */ = {
			isa = PBXTargetDependency;
			target = 36C91CBC2F7F592800697E42 /* StackPoker */;
			targetProxy = 36C91CCE2F7F592A00697E42 /* PBXContainerItemProxy */;
		};
		36C91CD92F7F592A00697E42 /* PBXTargetDependency */ = {
			isa = PBXTargetDependency;
			target = 36C91CBC2F7F592800697E42 /* StackPoker */;
			targetProxy = 36C91CD82F7F592A00697E42 /* PBXContainerItemProxy */;
		};
/* End PBXTargetDependency section */

/* Begin XCBuildConfiguration section */
		36C91CDF2F7F592A00697E42 /* Debug */ = {
			isa = XCBuildConfiguration;
			buildSettings = {
				ALWAYS_SEARCH_USER_PATHS = NO;
				ASSETCATALOG_COMPILER_GENERATE_SWIFT_ASSET_SYMBOL_EXTENSIONS = YES;
				CLANG_ANALYZER_NONNULL = YES;
				CLANG_ANALYZER_NUMBER_OBJECT_CONVERSION = YES_AGGRESSIVE;
				CLANG_CXX_LANGUAGE_STANDARD = "gnu++20";
				CLANG_ENABLE_MODULES = YES;
				CLANG_ENABLE_OBJC_ARC = YES;
				CLANG_ENABLE_OBJC_WEAK = YES;
				CLANG_WARN_BLOCK_CAPTURE_AUTORELEASING = YES;
				CLANG_WARN_BOOL_CONVERSION = YES;
				CLANG_WARN_COMMA = YES;
				CLANG_WARN_CONSTANT_CONVERSION = YES;
				CLANG_WARN_DEPRECATED_OBJC_IMPLEMENTATIONS = YES;
				CLANG_WARN_DIRECT_OBJC_ISA_USAGE = YES_ERROR;
				CLANG_WARN_DOCUMENTATION_COMMENTS = YES;
				CLANG_WARN_EMPTY_BODY = YES;
				CLANG_WARN_ENUM_CONVERSION = YES;
				CLANG_WARN_INFINITE_RECURSION = YES;
				CLANG_WARN_INT_CONVERSION = YES;
				CLANG_WARN_NON_LITERAL_NULL_CONVERSION = YES;
				CLANG_WARN_OBJC_IMPLICIT_RETAIN_SELF = YES;
				CLANG_WARN_OBJC_LITERAL_CONVERSION = YES;
				CLANG_WARN_OBJC_ROOT_CLASS = YES_ERROR;
				CLANG_WARN_QUOTED_INCLUDE_IN_FRAMEWORK_HEADER = YES;
				CLANG_WARN_RANGE_LOOP_ANALYSIS = YES;
				CLANG_WARN_STRICT_PROTOTYPES = YES;
				CLANG_WARN_SUSPICIOUS_MOVE = YES;
				CLANG_WARN_UNGUARDED_AVAILABILITY = YES_AGGRESSIVE;
				CLANG_WARN_UNREACHABLE_CODE = YES;
				CLANG_WARN__DUPLICATE_METHOD_MATCH = YES;
				COPY_PHASE_STRIP = NO;
				DEBUG_INFORMATION_FORMAT = dwarf;
				ENABLE_STRICT_OBJC_MSGSEND = YES;
				ENABLE_TESTABILITY = YES;
				ENABLE_USER_SCRIPT_SANDBOXING = YES;
				GCC_C_LANGUAGE_STANDARD = gnu17;
				GCC_DYNAMIC_NO_PIC = NO;
				GCC_NO_COMMON_BLOCKS = YES;
				GCC_OPTIMIZATION_LEVEL = 0;
				GCC_PREPROCESSOR_DEFINITIONS = (
					"DEBUG=1",
					"$(inherited)",
				);
				GCC_WARN_64_TO_32_BIT_CONVERSION = YES;
				GCC_WARN_ABOUT_RETURN_TYPE = YES_ERROR;
				GCC_WARN_UNDECLARED_SELECTOR = YES;
				GCC_WARN_UNINITIALIZED_AUTOS = YES_AGGRESSIVE;
				GCC_WARN_UNUSED_FUNCTION = YES;
				GCC_WARN_UNUSED_VARIABLE = YES;
				IPHONEOS_DEPLOYMENT_TARGET = 17.5;
				LOCALIZATION_PREFERS_STRING_CATALOGS = YES;
				MTL_ENABLE_DEBUG_INFO = INCLUDE_SOURCE;
				MTL_FAST_MATH = YES;
				ONLY_ACTIVE_ARCH = YES;
				SDKROOT = iphoneos;
				SWIFT_ACTIVE_COMPILATION_CONDITIONS = "DEBUG $(inherited)";
				SWIFT_OPTIMIZATION_LEVEL = "-Onone";
			};
			name = Debug;
		};
		36C91CE02F7F592A00697E42 /* Release */ = {
			isa = XCBuildConfiguration;
			buildSettings = {
				ALWAYS_SEARCH_USER_PATHS = NO;
				ASSETCATALOG_COMPILER_GENERATE_SWIFT_ASSET_SYMBOL_EXTENSIONS = YES;
				CLANG_ANALYZER_NONNULL = YES;
				CLANG_ANALYZER_NUMBER_OBJECT_CONVERSION = YES_AGGRESSIVE;
				CLANG_CXX_LANGUAGE_STANDARD = "gnu++20";
				CLANG_ENABLE_MODULES = YES;
				CLANG_ENABLE_OBJC_ARC = YES;
				CLANG_ENABLE_OBJC_WEAK = YES;
				CLANG_WARN_BLOCK_CAPTURE_AUTORELEASING = YES;
				CLANG_WARN_BOOL_CONVERSION = YES;
				CLANG_WARN_COMMA = YES;
				CLANG_WARN_CONSTANT_CONVERSION = YES;
				CLANG_WARN_DEPRECATED_OBJC_IMPLEMENTATIONS = YES;
				CLANG_WARN_DIRECT_OBJC_ISA_USAGE = YES_ERROR;
				CLANG_WARN_DOCUMENTATION_COMMENTS = YES;
				CLANG_WARN_EMPTY_BODY = YES;
				CLANG_WARN_ENUM_CONVERSION = YES;
				CLANG_WARN_INFINITE_RECURSION = YES;
				CLANG_WARN_INT_CONVERSION = YES;
				CLANG_WARN_NON_LITERAL_NULL_CONVERSION = YES;
				CLANG_WARN_OBJC_IMPLICIT_RETAIN_SELF = YES;
				CLANG_WARN_OBJC_LITERAL_CONVERSION = YES;
				CLANG_WARN_OBJC_ROOT_CLASS = YES_ERROR;
				CLANG_WARN_QUOTED_INCLUDE_IN_FRAMEWORK_HEADER = YES;
				CLANG_WARN_RANGE_LOOP_ANALYSIS = YES;
				CLANG_WARN_STRICT_PROTOTYPES = YES;
				CLANG_WARN_SUSPICIOUS_MOVE = YES;
				CLANG_WARN_UNGUARDED_AVAILABILITY = YES_AGGRESSIVE;
				CLANG_WARN_UNREACHABLE_CODE = YES;
				CLANG_WARN__DUPLICATE_METHOD_MATCH = YES;
				COPY_PHASE_STRIP = NO;
				DEBUG_INFORMATION_FORMAT = "dwarf-with-dsym";
				ENABLE_NS_ASSERTIONS = NO;
				ENABLE_STRICT_OBJC_MSGSEND = YES;
				ENABLE_USER_SCRIPT_SANDBOXING = YES;
				GCC_C_LANGUAGE_STANDARD = gnu17;
				GCC_NO_COMMON_BLOCKS = YES;
				GCC_WARN_64_TO_32_BIT_CONVERSION = YES;
				GCC_WARN_ABOUT_RETURN_TYPE = YES_ERROR;
				GCC_WARN_UNDECLARED_SELECTOR = YES;
				GCC_WARN_UNINITIALIZED_AUTOS = YES_AGGRESSIVE;
				GCC_WARN_UNUSED_FUNCTION = YES;
				GCC_WARN_UNUSED_VARIABLE = YES;
				IPHONEOS_DEPLOYMENT_TARGET = 17.5;
				LOCALIZATION_PREFERS_STRING_CATALOGS = YES;
				MTL_ENABLE_DEBUG_INFO = NO;
				MTL_FAST_MATH = YES;
				SDKROOT = iphoneos;
				SWIFT_COMPILATION_MODE = wholemodule;
				VALIDATE_PRODUCT = YES;
			};
			name = Release;
		};
		36C91CE22F7F592A00697E42 /* Debug */ = {
			isa = XCBuildConfiguration;
			buildSettings = {
				ASSETCATALOG_COMPILER_APPICON_NAME = AppIcon;
				ASSETCATALOG_COMPILER_GLOBAL_ACCENT_COLOR_NAME = AccentColor;
				CODE_SIGN_STYLE = Automatic;
				CURRENT_PROJECT_VERSION = 1;
				DEVELOPMENT_ASSET_PATHS = "\"StackPoker/Preview Content\"";
				DEVELOPMENT_TEAM = FKT42UHJN5;
				ENABLE_PREVIEWS = YES;
				GENERATE_INFOPLIST_FILE = YES;
				INFOPLIST_KEY_UIApplicationSceneManifest_Generation = YES;
				INFOPLIST_KEY_UIApplicationSupportsIndirectInputEvents = YES;
				INFOPLIST_KEY_UILaunchScreen_Generation = YES;
				INFOPLIST_KEY_UISupportedInterfaceOrientations_iPad = "UIInterfaceOrientationPortrait UIInterfaceOrientationPortraitUpsideDown UIInterfaceOrientationLandscapeLeft UIInterfaceOrientationLandscapeRight";
				INFOPLIST_KEY_UISupportedInterfaceOrientations_iPhone = "UIInterfaceOrientationPortrait UIInterfaceOrientationLandscapeLeft UIInterfaceOrientationLandscapeRight";
				LD_RUNPATH_SEARCH_PATHS = (
					"$(inherited)",
					"@executable_path/Frameworks",
				);
				MARKETING_VERSION = 1.0;
				PRODUCT_BUNDLE_IDENTIFIER = com.jacobson.StackPoker;
				PRODUCT_NAME = "$(TARGET_NAME)";
				SWIFT_EMIT_LOC_STRINGS = YES;
				SWIFT_VERSION = 5.0;
				TARGETED_DEVICE_FAMILY = "1,2";
			};
			name = Debug;
		};
		36C91CE32F7F592A00697E42 /* Release */ = {
			isa = XCBuildConfiguration;
			buildSettings = {
				ASSETCATALOG_COMPILER_APPICON_NAME = AppIcon;
				ASSETCATALOG_COMPILER_GLOBAL_ACCENT_COLOR_NAME = AccentColor;
				CODE_SIGN_STYLE = Automatic;
				CURRENT_PROJECT_VERSION = 1;
				DEVELOPMENT_ASSET_PATHS = "\"StackPoker/Preview Content\"";
				DEVELOPMENT_TEAM = FKT42UHJN5;
				ENABLE_PREVIEWS = YES;
				GENERATE_INFOPLIST_FILE = YES;
				INFOPLIST_KEY_UIApplicationSceneManifest_Generation = YES;
				INFOPLIST_KEY_UIApplicationSupportsIndirectInputEvents = YES;
				INFOPLIST_KEY_UILaunchScreen_Generation = YES;
				INFOPLIST_KEY_UISupportedInterfaceOrientations_iPad = "UIInterfaceOrientationPortrait UIInterfaceOrientationPortraitUpsideDown UIInterfaceOrientationLandscapeLeft UIInterfaceOrientationLandscapeRight";
				INFOPLIST_KEY_UISupportedInterfaceOrientations_iPhone = "UIInterfaceOrientationPortrait UIInterfaceOrientationLandscapeLeft UIInterfaceOrientationLandscapeRight";
				LD_RUNPATH_SEARCH_PATHS = (
					"$(inherited)",
					"@executable_path/Frameworks",
				);
				MARKETING_VERSION = 1.0;
				PRODUCT_BUNDLE_IDENTIFIER = com.jacobson.StackPoker;
				PRODUCT_NAME = "$(TARGET_NAME)";
				SWIFT_EMIT_LOC_STRINGS = YES;
				SWIFT_VERSION = 5.0;
				TARGETED_DEVICE_FAMILY = "1,2";
			};
			name = Release;
		};
		36C91CE52F7F592A00697E42 /* Debug */ = {
			isa = XCBuildConfiguration;
			buildSettings = {
				ALWAYS_EMBED_SWIFT_STANDARD_LIBRARIES = YES;
				BUNDLE_LOADER = "$(TEST_HOST)";
				CODE_SIGN_STYLE = Automatic;
				CURRENT_PROJECT_VERSION = 1;
				DEVELOPMENT_TEAM = FKT42UHJN5;
				GENERATE_INFOPLIST_FILE = YES;
				IPHONEOS_DEPLOYMENT_TARGET = 17.5;
				MARKETING_VERSION = 1.0;
				PRODUCT_BUNDLE_IDENTIFIER = com.jacobson.StackPokerTests;
				PRODUCT_NAME = "$(TARGET_NAME)";
				SWIFT_EMIT_LOC_STRINGS = NO;
				SWIFT_VERSION = 5.0;
				TARGETED_DEVICE_FAMILY = "1,2";
				TEST_HOST = "$(BUILT_PRODUCTS_DIR)/StackPoker.app/$(BUNDLE_EXECUTABLE_FOLDER_PATH)/StackPoker";
			};
			name = Debug;
		};
		36C91CE62F7F592A00697E42 /* Release */ = {
			isa = XCBuildConfiguration;
			buildSettings = {
				ALWAYS_EMBED_SWIFT_STANDARD_LIBRARIES = YES;
				BUNDLE_LOADER = "$(TEST_HOST)";
				CODE_SIGN_STYLE = Automatic;
				CURRENT_PROJECT_VERSION = 1;
				DEVELOPMENT_TEAM = FKT42UHJN5;
				GENERATE_INFOPLIST_FILE = YES;
				IPHONEOS_DEPLOYMENT_TARGET = 17.5;
				MARKETING_VERSION = 1.0;
				PRODUCT_BUNDLE_IDENTIFIER = com.jacobson.StackPokerTests;
				PRODUCT_NAME = "$(TARGET_NAME)";
				SWIFT_EMIT_LOC_STRINGS = NO;
				SWIFT_VERSION = 5.0;
				TARGETED_DEVICE_FAMILY = "1,2";
				TEST_HOST = "$(BUILT_PRODUCTS_DIR)/StackPoker.app/$(BUNDLE_EXECUTABLE_FOLDER_PATH)/StackPoker";
			};
			name = Release;
		};
		36C91CE82F7F592A00697E42 /* Debug */ = {
			isa = XCBuildConfiguration;
			buildSettings = {
				ALWAYS_EMBED_SWIFT_STANDARD_LIBRARIES = YES;
				CODE_SIGN_STYLE = Automatic;
				CURRENT_PROJECT_VERSION = 1;
				DEVELOPMENT_TEAM = FKT42UHJN5;
				GENERATE_INFOPLIST_FILE = YES;
				MARKETING_VERSION = 1.0;
				PRODUCT_BUNDLE_IDENTIFIER = com.jacobson.StackPokerUITests;
				PRODUCT_NAME = "$(TARGET_NAME)";
				SWIFT_EMIT_LOC_STRINGS = NO;
				SWIFT_VERSION = 5.0;
				TARGETED_DEVICE_FAMILY = "1,2";
				TEST_TARGET_NAME = StackPoker;
			};
			name = Debug;
		};
		36C91CE92F7F592A00697E42 /* Release */ = {
			isa = XCBuildConfiguration;
			buildSettings = {
				ALWAYS_EMBED_SWIFT_STANDARD_LIBRARIES = YES;
				CODE_SIGN_STYLE = Automatic;
				CURRENT_PROJECT_VERSION = 1;
				DEVELOPMENT_TEAM = FKT42UHJN5;
				GENERATE_INFOPLIST_FILE = YES;
				MARKETING_VERSION = 1.0;
				PRODUCT_BUNDLE_IDENTIFIER = com.jacobson.StackPokerUITests;
				PRODUCT_NAME = "$(TARGET_NAME)";
				SWIFT_EMIT_LOC_STRINGS = NO;
				SWIFT_VERSION = 5.0;
				TARGETED_DEVICE_FAMILY = "1,2";
				TEST_TARGET_NAME = StackPoker;
			};
			name = Release;
		};
/* End XCBuildConfiguration section */

/* Begin XCConfigurationList section */
		36C91CB82F7F592800697E42 /* Build configuration list for PBXProject "StackPoker" */ = {
			isa = XCConfigurationList;
			buildConfigurations = (
				36C91CDF2F7F592A00697E42 /* Debug */,
				36C91CE02F7F592A00697E42 /* Release */,
			);
			defaultConfigurationIsVisible = 0;
			defaultConfigurationName = Release;
		};
		36C91CE12F7F592A00697E42 /* Build configuration list for PBXNativeTarget "StackPoker" */ = {
			isa = XCConfigurationList;
			buildConfigurations = (
				36C91CE22F7F592A00697E42 /* Debug */,
				36C91CE32F7F592A00697E42 /* Release */,
			);
			defaultConfigurationIsVisible = 0;
			defaultConfigurationName = Release;
		};
		36C91CE42F7F592A00697E42 /* Build configuration list for PBXNativeTarget "StackPokerTests" */ = {
			isa = XCConfigurationList;
			buildConfigurations = (
				36C91CE52F7F592A00697E42 /* Debug */,
				36C91CE62F7F592A00697E42 /* Release */,
			);
			defaultConfigurationIsVisible = 0;
			defaultConfigurationName = Release;
		};
		36C91CE72F7F592A00697E42 /* Build configuration list for PBXNativeTarget "StackPokerUITests" */ = {
			isa = XCConfigurationList;
			buildConfigurations = (
				36C91CE82F7F592A00697E42 /* Debug */,
				36C91CE92F7F592A00697E42 /* Release */,
			);
			defaultConfigurationIsVisible = 0;
			defaultConfigurationName = Release;
		};
/* End XCConfigurationList section */
	};
	rootObject = 36C91CB52F7F592800697E42 /* Project object */;
}
